<?xml version="1.0" encoding="utf-8"?>
<Project ToolsVersion="4.0" xmlns="http://schemas.microsoft.com/developer/msbuild/2003">
  <ItemGroup>
    <ClCompile Include="GLFWCallbacks.cpp">
      <Filter>Engine</Filter>
    </ClCompile>
    <ClCompile Include="LineRenderer.cpp">
      <Filter>Engine</Filter>
    </ClCompile>
    <ClCompile Include="ShaderProgram.cpp">
      <Filter>Engine</Filter>
    </ClCompile>
    <ClCompile Include="Utilities.cpp">
      <Filter>Engine</Filter>
    </ClCompile>
    <ClCompile Include="glad.c">
      <Filter>ThirdParty\GLAD</Filter>
    </ClCompile>
    <ClCompile Include="ApplicationHarness.cpp">
      <Filter>Engine</Filter>
    </ClCompile>
    <ClCompile Include="..\imgui\imgui.cpp">
      <Filter>ThirdParty\imgui</Filter>
    </ClCompile>
    <ClCompile Include="..\imgui\imgui_demo.cpp">
      <Filter>ThirdParty\imgui</Filter>
    </ClCompile>
    <ClCompile Include="..\imgui\imgui_draw.cpp">
      <Filter>ThirdParty\imgui</Filter>
    </ClCompile>
    <ClCompile Include="..\imgui\imgui_impl_glfw.cpp">
      <Filter>ThirdParty\imgui</Filter>
    </ClCompile>
    <ClCompile Include="..\imgui\imgui_impl_opengl3.cpp">
      <Filter>ThirdParty\imgui</Filter>
    </ClCompile>
    <ClCompile Include="..\imgui\imgui_tables.cpp">
      <Filter>ThirdParty\imgui</Filter>
    </ClCompile>
    <ClCompile Include="..\imgui\imgui_widgets.cpp">
      <Filter>ThirdParty\imgui</Filter>
    </ClCompile>
    <ClCompile Include="EntryPoint.cpp" />
    <ClCompile Include="Vec2.cpp">
      <Filter>Engine</Filter>
    </ClCompile>
    <ClCompile Include="Maths.cpp">
      <Filter>Engine</Filter>
    </ClCompile>
    <ClCompile Include="Colour.cpp">
      <Filter>Engine</Filter>
    </ClCompile>
    <ClCompile Include="TextStream.cpp">
      <Filter>Engine</Filter>
    </ClCompile>
    <ClCompile Include="Goalbox.cpp">
      <Filter>Game\Experiments\WindyGolf\ShapeClasses</Filter>
    </ClCompile>
    <ClCompile Include="Plane.cpp">
      <Filter>Game\Experiments\WindyGolf\ShapeClasses</Filter>
    </ClCompile>
    <ClCompile Include="Sphere.cpp">
      <Filter>Game\Experiments\WindyGolf\ShapeClasses</Filter>
    </ClCompile>
    <ClCompile Include="Box.cpp">
      <Filter>Game\Experiments\WindyGolf\ShapeClasses</Filter>
    </ClCompile>
    <ClCompile Include="GolfGame.cpp">
      <Filter>Game\Experiments\WindyGolf</Filter>
    </ClCompile>
    <ClCompile Include="Grid.cpp">
      <Filter>Game\Experiments\WindyGolf</Filter>
    </ClCompile>
    <ClCompile Include="PhysActor.cpp">
      <Filter>Game\Experiments\WindyGolf</Filter>
    </ClCompile>
    <ClCompile Include="TowerGame.cpp">
      <Filter>Game\Experiments\TowerThing</Filter>
    </ClCompile>
    <ClCompile Include="PlayerTower.cpp">
      <Filter>Game\Experiments\TowerThing</Filter>
    </ClCompile>
    <ClCompile Include="TowerGun.cpp">
      <Filter>Game\Experiments\TowerThing\Weapons</Filter>
    </ClCompile>
    <ClCompile Include="TowerWeapon.cpp">
      <Filter>Game\Experiments\TowerThing\Weapons</Filter>
    </ClCompile>
    <ClCompile Include="Enemy.cpp">
      <Filter>Game\Experiments\TowerThing\Enemies</Filter>
    </ClCompile>
  </ItemGroup>
  <ItemGroup>
    <ClInclude Include="GLFWCallbacks.h">
      <Filter>Engine</Filter>
    </ClInclude>
    <ClInclude Include="Graphics.h">
      <Filter>Engine</Filter>
    </ClInclude>
    <ClInclude Include="LineRenderer.h">
      <Filter>Engine</Filter>
    </ClInclude>
    <ClInclude Include="Maths.h">
      <Filter>Engine</Filter>
    </ClInclude>
    <ClInclude Include="ShaderProgram.h">
      <Filter>Engine</Filter>
    </ClInclude>
    <ClInclude Include="Utilities.h">
      <Filter>Engine</Filter>
    </ClInclude>
    <ClInclude Include="khrplatform.h">
      <Filter>ThirdParty\GLAD</Filter>
    </ClInclude>
    <ClInclude Include="glad.h">
      <Filter>ThirdParty\GLAD</Filter>
    </ClInclude>
    <ClInclude Include="ApplicationHarness.h">
      <Filter>Engine</Filter>
    </ClInclude>
    <ClInclude Include="..\imgui\dirent.h">
      <Filter>ThirdParty\imgui</Filter>
    </ClInclude>
    <ClInclude Include="..\imgui\imconfig.h">
      <Filter>ThirdParty\imgui</Filter>
    </ClInclude>
    <ClInclude Include="..\imgui\imgui.h">
      <Filter>ThirdParty\imgui</Filter>
    </ClInclude>
    <ClInclude Include="..\imgui\imgui_impl_glfw.h">
      <Filter>ThirdParty\imgui</Filter>
    </ClInclude>
    <ClInclude Include="..\imgui\imgui_impl_opengl3.h">
      <Filter>ThirdParty\imgui</Filter>
    </ClInclude>
    <ClInclude Include="..\imgui\imgui_impl_opengl3_loader.h">
      <Filter>ThirdParty\imgui</Filter>
    </ClInclude>
    <ClInclude Include="..\imgui\imgui_internal.h">
      <Filter>ThirdParty\imgui</Filter>
    </ClInclude>
    <ClInclude Include="..\imgui\imstb_rectpack.h">
      <Filter>ThirdParty\imgui</Filter>
    </ClInclude>
    <ClInclude Include="..\imgui\imstb_textedit.h">
      <Filter>ThirdParty\imgui</Filter>
    </ClInclude>
    <ClInclude Include="..\imgui\imstb_truetype.h">
      <Filter>ThirdParty\imgui</Filter>
    </ClInclude>
    <ClInclude Include="Application.h">
      <Filter>Engine</Filter>
    </ClInclude>
    <ClInclude Include="Vec2.h">
      <Filter>Engine</Filter>
    </ClInclude>
    <ClInclude Include="Colour.h">
      <Filter>Engine</Filter>
    </ClInclude>
    <ClInclude Include="TextStream.h">
      <Filter>Engine</Filter>
    </ClInclude>
    <ClInclude Include="AppInfo.h">
      <Filter>Engine</Filter>
    </ClInclude>
    <ClInclude Include="Key.h">
      <Filter>Engine</Filter>
    </ClInclude>
    <ClInclude Include="stb_image.h">
      <Filter>ThirdParty</Filter>
    </ClInclude>
    <ClInclude Include="Goalbox.h">
      <Filter>Game\Experiments\WindyGolf\ShapeClasses</Filter>
    </ClInclude>
    <ClInclude Include="Plane.h">
      <Filter>Game\Experiments\WindyGolf\ShapeClasses</Filter>
    </ClInclude>
    <ClInclude Include="Sphere.h">
      <Filter>Game\Experiments\WindyGolf\ShapeClasses</Filter>
    </ClInclude>
    <ClInclude Include="Box.h">
      <Filter>Game\Experiments\WindyGolf\ShapeClasses</Filter>
    </ClInclude>
    <ClInclude Include="GolfGame.h">
      <Filter>Game\Experiments\WindyGolf</Filter>
    </ClInclude>
    <ClInclude Include="Grid.h">
      <Filter>Game\Experiments\WindyGolf</Filter>
    </ClInclude>
    <ClInclude Include="PhysActor.h">
      <Filter>Game\Experiments\WindyGolf</Filter>
    </ClInclude>
    <ClInclude Include="TowerGame.h">
      <Filter>Game\Experiments\TowerThing</Filter>
    </ClInclude>
    <ClInclude Include="PlayerTower.h">
      <Filter>Game\Experiments\TowerThing</Filter>
    </ClInclude>
    <ClInclude Include="TowerWeapon.h">
      <Filter>Game\Experiments\TowerThing\Weapons</Filter>
    </ClInclude>
    <ClInclude Include="TowerGun.h">
      <Filter>Game\Experiments\TowerThing\Weapons</Filter>
    </ClInclude>
    <ClInclude Include="Enemy.h">
      <Filter>Game\Experiments\TowerThing\Enemies</Filter>
    </ClInclude>
  </ItemGroup>
  <ItemGroup>
    <Filter Include="Engine">
      <UniqueIdentifier>{3d6baaba-2f6a-4fc5-b50b-bcb0af684f29}</UniqueIdentifier>
    </Filter>
    <Filter Include="ThirdParty">
      <UniqueIdentifier>{0f9d38f9-fdd1-499b-aa4c-526e98d64cbd}</UniqueIdentifier>
    </Filter>
    <Filter Include="Game">
      <UniqueIdentifier>{7f3b6525-bfba-422f-8a18-4ee5a425e5f1}</UniqueIdentifier>
    </Filter>
    <Filter Include="ThirdParty\GLAD">
      <UniqueIdentifier>{1cbc7840-59f8-473d-bc4c-998fc7756698}</UniqueIdentifier>
    </Filter>
    <Filter Include="ThirdParty\imgui">
      <UniqueIdentifier>{af08b8df-298e-486a-bd88-f49c10c0050b}</UniqueIdentifier>
    </Filter>
    <Filter Include="Game\Experiments">
      <UniqueIdentifier>{a52d1c62-720e-4e41-b667-d4e5517a49d9}</UniqueIdentifier>
    </Filter>
    <Filter Include="Game\Experiments\WindyGolf">
      <UniqueIdentifier>{2f5f458d-fca8-49e3-b01d-86d7d0dfc0c6}</UniqueIdentifier>
    </Filter>
    <Filter Include="Game\Experiments\WindyGolf\ShapeClasses">
      <UniqueIdentifier>{bc7238d1-7f83-49e2-adad-aa8fa6b4a8a0}</UniqueIdentifier>
    </Filter>
    <Filter Include="Game\Experiments\TowerThing">
      <UniqueIdentifier>{bbaa88ec-7a8d-438a-ae9a-fd9b982525d2}</UniqueIdentifier>
    </Filter>
    <Filter Include="Game\Experiments\TowerThing\Weapons">
      <UniqueIdentifier>{3e473b13-9ca2-4827-8379-51cf46b4c6c2}</UniqueIdentifier>
    </Filter>
    <Filter Include="Game\Experiments\TowerThing\Enemies">
      <UniqueIdentifier>{b3281582-4c7b-40fd-9d1a-c91041cdae20}</UniqueIdentifier>
    </Filter>
  </ItemGroup>
  <ItemGroup>
    <None Include="packages.config" />
  </ItemGroup>
</Project>